
Microsoft Visual Studio Solution File, Format Version 12.00
# Visual Studio Version 16
VisualStudioVersion = 16.0.31729.503
MinimumVisualStudioVersion = 10.0.40219.1
Project("{FAE04EC0-301F-11D3-BF4B-00C04F79EFBC}") = "AddressBook1", "AddressBook1.csproj", "{82D342F7-EE22-4B5C-BAF2-4840D9C88006}"
EndProject
Global
	GlobalSection(SolutionConfigurationPlatforms) = preSolution
		Debug|Any CPU = Debug|Any CPU
		Release|Any CPU = Release|Any CPU
	EndGlobalSection
	GlobalSection(ProjectConfigurationPlatforms) = postSolution
		{82D342F7-EE22-4B5C-BAF2-4840D9C88006}.Debug|Any CPU.ActiveCfg = Debug|Any CPU
		{82D342F7-EE22-4B5C-BAF2-4840D9C88006}.Debug|Any CPU.Build.0 = Debug|Any CPU
		{82D342F7-EE22-4B5C-BAF2-4840D9C88006}.Release|Any CPU.ActiveCfg = Release|Any CPU
		{82D342F7-EE22-4B5C-BAF2-4840D9C88006}.Release|Any CPU.Build.0 = Release|Any CPU
	EndGlobalSection
	GlobalSection(SolutionProperties) = preSolution
		HideSolutionNode = FALSE
	EndGlobalSection
	GlobalSection(ExtensibilityGlobals) = postSolution
		SolutionGuid = {BC1A1798-C685-4E64-9409-F345361BC120}
	EndGlobalSection
EndGlobal
